// !$*UTF8*$!
{
	archiveVersion = 1;
	classes = {
	};
	objectVersion = 56;
	objects = {

/* Begin PBXBuildFile section */
		3DD998A1BB980EB233396F26 /* Pods_HttpServer.framework in Frameworks */ = {isa = PBXBuildFile; fileRef = 015CED4C5C8670B91941ED4B /* Pods_HttpServer.framework */; };
		E1E8C5722C6F209700988271 /* AppDelegate.swift in Sources */ = {isa = PBXBuildFile; fileRef = E1E8C5712C6F209700988271 /* AppDelegate.swift */; };
		E1E8C5742C6F209700988271 /* SceneDelegate.swift in Sources */ = {isa = PBXBuildFile; fileRef = E1E8C5732C6F209700988271 /* SceneDelegate.swift */; };
		E1E8C5762C6F209700988271 /* ViewController.swift in Sources */ = {isa = PBXBuildFile; fileRef = E1E8C5752C6F209700988271 /* ViewController.swift */; };
		E1E8C5792C6F209700988271 /* Base in Resources */ = {isa = PBXBuildFile; fileRef = E1E8C5782C6F209700988271 /* Base */; };
		E1E8C57B2C6F209900988271 /* Assets.xcassets in Resources */ = {isa = PBXBuildFile; fileRef = E1E8C57A2C6F209900988271 /* Assets.xcassets */; };
		E1E8C57E2C6F209900988271 /* Base in Resources */ = {isa = PBXBuildFile; fileRef = E1E8C57D2C6F209900988271 /* Base */; };
		E1E8C5872C6F22D300988271 /* HttpServer.swift in Sources */ = {isa = PBXBuildFile; fileRef = E1E8C5862C6F22D300988271 /* HttpServer.swift */; };
		E1E8C5892C6F275D00988271 /* Person.swift in Sources */ = {isa = PBXBuildFile; fileRef = E1E8C5882C6F275D00988271 /* Person.swift */; };
/* End PBXBuildFile section */

/* Begin PBXFileReference section */
		015CED4C5C8670B91941ED4B /* Pods_HttpServer.framework */ = {isa = PBXFileReference; explicitFileType = wrapper.framework; includeInIndex = 0; path = Pods_HttpServer.framework; sourceTree = BUILT_PRODUCTS_DIR; };
		69B29E2D4EC658DD7ABA00A5 /* Pods-HttpServer.release.xcconfig */ = {isa = PBXFileReference; includeInIndex = 1; lastKnownFileType = text.xcconfig; name = "Pods-HttpServer.release.xcconfig"; path = "Target Support Files/Pods-HttpServer/Pods-HttpServer.release.xcconfig"; sourceTree = "<group>"; };
		E1E8C56E2C6F209700988271 /* HttpServer.app */ = {isa = PBXFileReference; explicitFileType = wrapper.application; includeInIndex = 0; path = HttpServer.app; sourceTree = BUILT_PRODUCTS_DIR; };
		E1E8C5712C6F209700988271 /* AppDelegate.swift */ = {isa = PBXFileReference; lastKnownFileType = sourcecode.swift; path = AppDelegate.swift; sourceTree = "<group>"; };
		E1E8C5732C6F209700988271 /* SceneDelegate.swift */ = {isa = PBXFileReference; lastKnownFileType = sourcecode.swift; path = SceneDelegate.swift; sourceTree = "<group>"; };
		E1E8C5752C6F209700988271 /* ViewController.swift */ = {isa = PBXFileReference; lastKnownFileType = sourcecode.swift; path = ViewController.swift; sourceTree = "<group>"; };
		E1E8C5782C6F209700988271 /* Base */ = {isa = PBXFileReference; lastKnownFileType = file.storyboard; name = Base; path = Base.lproj/Main.storyboard; sourceTree = "<group>"; };
		E1E8C57A2C6F209900988271 /* Assets.xcassets */ = {isa = PBXFileReference; lastKnownFileType = folder.assetcatalog; path = Assets.xcassets; sourceTree = "<group>"; };
		E1E8C57D2C6F209900988271 /* Base */ = {isa = PBXFileReference; lastKnownFileType = file.storyboard; name = Base; path = Base.lproj/LaunchScreen.storyboard; sourceTree = "<group>"; };
		E1E8C57F2C6F209900988271 /* Info.plist */ = {isa = PBXFileReference; lastKnownFileType = text.plist.xml; path = Info.plist; sourceTree = "<group>"; };
		E1E8C5862C6F22D300988271 /* HttpServer.swift */ = {isa = PBXFileReference; lastKnownFileType = sourcecode.swift; path = HttpServer.swift; sourceTree = "<group>"; };
		E1E8C5882C6F275D00988271 /* Person.swift */ = {isa = PBXFileReference; lastKnownFileType = sourcecode.swift; path = Person.swift; sourceTree = "<group>"; };
		F1779D54556FA8087E3B5DF5 /* Pods-HttpServer.debug.xcconfig */ = {isa = PBXFileReference; includeInIndex = 1; lastKnownFileType = text.xcconfig; name = "Pods-HttpServer.debug.xcconfig"; path = "Target Support Files/Pods-HttpServer/Pods-HttpServer.debug.xcconfig"; sourceTree = "<group>"; };
/* End PBXFileReference section */

/* Begin PBXFrameworksBuildPhase section */
		E1E8C56B2C6F209700988271 /* Frameworks */ = {
			isa = PBXFrameworksBuildPhase;
			buildActionMask = 2147483647;
			files = (
				3DD998A1BB980EB233396F26 /* Pods_HttpServer.framework in Frameworks */,
			);
			runOnlyForDeploymentPostprocessing = 0;
		};
/* End PBXFrameworksBuildPhase section */

/* Begin PBXGroup section */
		7745587D8F193174DB8D0329 /* Pods */ = {
			isa = PBXGroup;
			children = (
				F1779D54556FA8087E3B5DF5 /* Pods-HttpServer.debug.xcconfig */,
				69B29E2D4EC658DD7ABA00A5 /* Pods-HttpServer.release.xcconfig */,
			);
			path = Pods;
			sourceTree = "<group>";
		};
		AA3EF4DBD662FD8C84F5AED0 /* Frameworks */ = {
			isa = PBXGroup;
			children = (
				015CED4C5C8670B91941ED4B /* Pods_HttpServer.framework */,
			);
			name = Frameworks;
			sourceTree = "<group>";
		};
		E1E8C5652C6F209700988271 = {
			isa = PBXGroup;
			children = (
				E1E8C5702C6F209700988271 /* HttpServer */,
				E1E8C56F2C6F209700988271 /* Products */,
				7745587D8F193174DB8D0329 /* Pods */,
				AA3EF4DBD662FD8C84F5AED0 /* Frameworks */,
			);
			sourceTree = "<group>";
		};
		E1E8C56F2C6F209700988271 /* Products */ = {
			isa = PBXGroup;
			children = (
				E1E8C56E2C6F209700988271 /* HttpServer.app */,
			);
			name = Products;
			sourceTree = "<group>";
		};
		E1E8C5702C6F209700988271 /* HttpServer */ = {
			isa = PBXGroup;
			children = (
				E1E8C5852C6F22C900988271 /* Server */,
				E1E8C5712C6F209700988271 /* AppDelegate.swift */,
				E1E8C5732C6F209700988271 /* SceneDelegate.swift */,
				E1E8C5752C6F209700988271 /* ViewController.swift */,
				E1E8C5772C6F209700988271 /* Main.storyboard */,
				E1E8C57A2C6F209900988271 /* Assets.xcassets */,
				E1E8C57C2C6F209900988271 /* LaunchScreen.storyboard */,
				E1E8C57F2C6F209900988271 /* Info.plist */,
				E1E8C5882C6F275D00988271 /* Person.swift */,
			);
			path = HttpServer;
			sourceTree = "<group>";
		};
		E1E8C5852C6F22C900988271 /* Server */ = {
			isa = PBXGroup;
			children = (
				E1E8C5862C6F22D300988271 /* HttpServer.swift */,
			);
			path = Server;
			sourceTree = "<group>";
		};
/* End PBXGroup section */

/* Begin PBXNativeTarget section */
		E1E8C56D2C6F209700988271 /* HttpServer */ = {
			isa = PBXNativeTarget;
			buildConfigurationList = E1E8C5822C6F209900988271 /* Build configuration list for PBXNativeTarget "HttpServer" */;
			buildPhases = (
				BE0535B55D5150B849B775CF /* [CP] Check Pods Manifest.lock */,
				E1E8C56A2C6F209700988271 /* Sources */,
				E1E8C56B2C6F209700988271 /* Frameworks */,
				E1E8C56C2C6F209700988271 /* Resources */,
				1D06EC209C047201FE14AE3A /* [CP] Embed Pods Frameworks */,
			);
			buildRules = (
			);
			dependencies = (
			);
			name = HttpServer;
			productName = HttpServer;
			productReference = E1E8C56E2C6F209700988271 /* HttpServer.app */;
			productType = "com.apple.product-type.application";
		};
/* End PBXNativeTarget section */

/* Begin PBXProject section */
		E1E8C5662C6F209700988271 /* Project object */ = {
			isa = PBXProject;
			attributes = {
				BuildIndependentTargetsInParallel = 1;
				LastSwiftUpdateCheck = 1540;
				LastUpgradeCheck = 1540;
				TargetAttributes = {
					E1E8C56D2C6F209700988271 = {
						CreatedOnToolsVersion = 15.4;
					};
				};
			};
			buildConfigurationList = E1E8C5692C6F209700988271 /* Build configuration list for PBXProject "HttpServer" */;
			compatibilityVersion = "Xcode 14.0";
			developmentRegion = en;
			hasScannedForEncodings = 0;
			knownRegions = (
				en,
				Base,
			);
			mainGroup = E1E8C5652C6F209700988271;
			productRefGroup = E1E8C56F2C6F209700988271 /* Products */;
			projectDirPath = "";
			projectRoot = "";
			targets = (
				E1E8C56D2C6F209700988271 /* HttpServer */,
			);
		};
/* End PBXProject section */

/* Begin PBXResourcesBuildPhase section */
		E1E8C56C2C6F209700988271 /* Resources */ = {
			isa = PBXResourcesBuildPhase;
			buildActionMask = 2147483647;
			files = (
				E1E8C57B2C6F209900988271 /* Assets.xcassets in Resources */,
				E1E8C57E2C6F209900988271 /* Base in Resources */,
				E1E8C5792C6F209700988271 /* Base in Resources */,
			);
			runOnlyForDeploymentPostprocessing = 0;
		};
/* End PBXResourcesBuildPhase section */

/* Begin PBXShellScriptBuildPhase section */
		1D06EC209C047201FE14AE3A /* [CP] Embed Pods Frameworks */ = {
			isa = PBXShellScriptBuildPhase;
			buildActionMask = 2147483647;
			files = (
			);
			inputFileListPaths = (
				"${PODS_ROOT}/Target Support Files/Pods-HttpServer/Pods-HttpServer-frameworks-${CONFIGURATION}-input-files.xcfilelist",
			);
			name = "[CP] Embed Pods Frameworks";
			outputFileListPaths = (
				"${PODS_ROOT}/Target Support Files/Pods-HttpServer/Pods-HttpServer-frameworks-${CONFIGURATION}-output-files.xcfilelist",
			);
			runOnlyForDeploymentPostprocessing = 0;
			shellPath = /bin/sh;
			shellScript = "\"${PODS_ROOT}/Target Support Files/Pods-HttpServer/Pods-HttpServer-frameworks.sh\"\n";
			showEnvVarsInLog = 0;
		};
		BE0535B55D5150B849B775CF /* [CP] Check Pods Manifest.lock */ = {
			isa = PBXShellScriptBuildPhase;
			buildActionMask = 2147483647;
			files = (
			);
			inputFileListPaths = (
			);
			inputPaths = (
				"${PODS_PODFILE_DIR_PATH}/Podfile.lock",
				"${PODS_ROOT}/Manifest.lock",
			);
			name = "[CP] Check Pods Manifest.lock";
			outputFileListPaths = (
			);
			outputPaths = (
				"$(DERIVED_FILE_DIR)/Pods-HttpServer-checkManifestLockResult.txt",
			);
			runOnlyForDeploymentPostprocessing = 0;
			shellPath = /bin/sh;
			shellScript = "diff \"${PODS_PODFILE_DIR_PATH}/Podfile.lock\" \"${PODS_ROOT}/Manifest.lock\" > /dev/null\nif [ $? != 0 ] ; then\n    # print error to STDERR\n    echo \"error: The sandbox is not in sync with the Podfile.lock. Run 'pod install' or update your CocoaPods installation.\" >&2\n    exit 1\nfi\n# This output is used by Xcode 'outputs' to avoid re-running this script phase.\necho \"SUCCESS\" > \"${SCRIPT_OUTPUT_FILE_0}\"\n";
			showEnvVarsInLog = 0;
		};
/* End PBXShellScriptBuildPhase section */

/* Begin PBXSourcesBuildPhase section */
		E1E8C56A2C6F209700988271 /* Sources */ = {
			isa = PBXSourcesBuildPhase;
			buildActionMask = 2147483647;
			files = (
				E1E8C5892C6F275D00988271 /* Person.swift in Sources */,
				E1E8C5762C6F209700988271 /* ViewController.swift in Sources */,
				E1E8C5722C6F209700988271 /* AppDelegate.swift in Sources */,
				E1E8C5872C6F22D300988271 /* HttpServer.swift in Sources */,
				E1E8C5742C6F209700988271 /* SceneDelegate.swift in Sources */,
			);
			runOnlyForDeploymentPostprocessing = 0;
		};
/* End PBXSourcesBuildPhase section */

/* Begin PBXVariantGroup section */
		E1E8C5772C6F209700988271 /* Main.storyboard */ = {
			isa = PBXVariantGroup;
			children = (
				E1E8C5782C6F209700988271 /* Base */,
			);
			name = Main.storyboard;
			sourceTree = "<group>";
		};
		E1E8C57C2C6F209900988271 /* LaunchScreen.storyboard */ = {
			isa = PBXVariantGroup;
			children = (
				E1E8C57D2C6F209900988271 /* Base */,
			);
			name = LaunchScreen.storyboard;
			sourceTree = "<group>";
		};
/* End PBXVariantGroup section */

/* Begin XCBuildConfiguration section */
		E1E8C5802C6F209900988271 /* Debug */ = {
			isa = XCBuildConfiguration;
			buildSettings = {
				ALWAYS_SEARCH_USER_PATHS = NO;
				ASSETCATALOG_COMPILER_GENERATE_SWIFT_ASSET_SYMBOL_EXTENSIONS = YES;
				CLANG_ANALYZER_NONNULL = YES;
				CLANG_ANALYZER_NUMBER_OBJECT_CONVERSION = YES_AGGRESSIVE;
				CLANG_CXX_LANGUAGE_STANDARD = "gnu++20";
				CLANG_ENABLE_MODULES = YES;
				CLANG_ENABLE_OBJC_ARC = YES;
				CLANG_ENABLE_OBJC_WEAK = YES;
				CLANG_WARN_BLOCK_CAPTURE_AUTORELEASING = YES;
				CLANG_WARN_BOOL_CONVERSION = YES;
				CLANG_WARN_COMMA = YES;
				CLANG_WARN_CONSTANT_CONVERSION = YES;
				CLANG_WARN_DEPRECATED_OBJC_IMPLEMENTATIONS = YES;
				CLANG_WARN_DIRECT_OBJC_ISA_USAGE = YES_ERROR;
				CLANG_WARN_DOCUMENTATION_COMMENTS = YES;
				CLANG_WARN_EMPTY_BODY = YES;
				CLANG_WARN_ENUM_CONVERSION = YES;
				CLANG_WARN_INFINITE_RECURSION = YES;
				CLANG_WARN_INT_CONVERSION = YES;
				CLANG_WARN_NON_LITERAL_NULL_CONVERSION = YES;
				CLANG_WARN_OBJC_IMPLICIT_RETAIN_SELF = YES;
				CLANG_WARN_OBJC_LITERAL_CONVERSION = YES;
				CLANG_WARN_OBJC_ROOT_CLASS = YES_ERROR;
				CLANG_WARN_QUOTED_INCLUDE_IN_FRAMEWORK_HEADER = YES;
				CLANG_WARN_RANGE_LOOP_ANALYSIS = YES;
				CLANG_WARN_STRICT_PROTOTYPES = YES;
				CLANG_WARN_SUSPICIOUS_MOVE = YES;
				CLANG_WARN_UNGUARDED_AVAILABILITY = YES_AGGRESSIVE;
				CLANG_WARN_UNREACHABLE_CODE = YES;
				CLANG_WARN__DUPLICATE_METHOD_MATCH = YES;
				COPY_PHASE_STRIP = NO;
				DEBUG_INFORMATION_FORMAT = dwarf;
				ENABLE_STRICT_OBJC_MSGSEND = YES;
				ENABLE_TESTABILITY = YES;
				ENABLE_USER_SCRIPT_SANDBOXING = YES;
				GCC_C_LANGUAGE_STANDARD = gnu17;
				GCC_DYNAMIC_NO_PIC = NO;
				GCC_NO_COMMON_BLOCKS = YES;
				GCC_OPTIMIZATION_LEVEL = 0;
				GCC_PREPROCESSOR_DEFINITIONS = (
					"DEBUG=1",
					"$(inherited)",
				);
				GCC_WARN_64_TO_32_BIT_CONVERSION = YES;
				GCC_WARN_ABOUT_RETURN_TYPE = YES_ERROR;
				GCC_WARN_UNDECLARED_SELECTOR = YES;
				GCC_WARN_UNINITIALIZED_AUTOS = YES_AGGRESSIVE;
				GCC_WARN_UNUSED_FUNCTION = YES;
				GCC_WARN_UNUSED_VARIABLE = YES;
				IPHONEOS_DEPLOYMENT_TARGET = 17.5;
				LOCALIZATION_PREFERS_STRING_CATALOGS = YES;
				MTL_ENABLE_DEBUG_INFO = INCLUDE_SOURCE;
				MTL_FAST_MATH = YES;
				ONLY_ACTIVE_ARCH = YES;
				SDKROOT = iphoneos;
				SWIFT_ACTIVE_COMPILATION_CONDITIONS = "DEBUG $(inherited)";
				SWIFT_OPTIMIZATION_LEVEL = "-Onone";
			};
			name = Debug;
		};
		E1E8C5812C6F209900988271 /* Release */ = {
			isa = XCBuildConfiguration;
			buildSettings = {
				ALWAYS_SEARCH_USER_PATHS = NO;
				ASSETCATALOG_COMPILER_GENERATE_SWIFT_ASSET_SYMBOL_EXTENSIONS = YES;
				CLANG_ANALYZER_NONNULL = YES;
				CLANG_ANALYZER_NUMBER_OBJECT_CONVERSION = YES_AGGRESSIVE;
				CLANG_CXX_LANGUAGE_STANDARD = "gnu++20";
				CLANG_ENABLE_MODULES = YES;
				CLANG_ENABLE_OBJC_ARC = YES;
				CLANG_ENABLE_OBJC_WEAK = YES;
				CLANG_WARN_BLOCK_CAPTURE_AUTORELEASING = YES;
				CLANG_WARN_BOOL_CONVERSION = YES;
				CLANG_WARN_COMMA = YES;
				CLANG_WARN_CONSTANT_CONVERSION = YES;
				CLANG_WARN_DEPRECATED_OBJC_IMPLEMENTATIONS = YES;
				CLANG_WARN_DIRECT_OBJC_ISA_USAGE = YES_ERROR;
				CLANG_WARN_DOCUMENTATION_COMMENTS = YES;
				CLANG_WARN_EMPTY_BODY = YES;
				CLANG_WARN_ENUM_CONVERSION = YES;
				CLANG_WARN_INFINITE_RECURSION = YES;
				CLANG_WARN_INT_CONVERSION = YES;
				CLANG_WARN_NON_LITERAL_NULL_CONVERSION = YES;
				CLANG_WARN_OBJC_IMPLICIT_RETAIN_SELF = YES;
				CLANG_WARN_OBJC_LITERAL_CONVERSION = YES;
				CLANG_WARN_OBJC_ROOT_CLASS = YES_ERROR;
				CLANG_WARN_QUOTED_INCLUDE_IN_FRAMEWORK_HEADER = YES;
				CLANG_WARN_RANGE_LOOP_ANALYSIS = YES;
				CLANG_WARN_STRICT_PROTOTYPES = YES;
				CLANG_WARN_SUSPICIOUS_MOVE = YES;
				CLANG_WARN_UNGUARDED_AVAILABILITY = YES_AGGRESSIVE;
				CLANG_WARN_UNREACHABLE_CODE = YES;
				CLANG_WARN__DUPLICATE_METHOD_MATCH = YES;
				COPY_PHASE_STRIP = NO;
				DEBUG_INFORMATION_FORMAT = "dwarf-with-dsym";
				ENABLE_NS_ASSERTIONS = NO;
				ENABLE_STRICT_OBJC_MSGSEND = YES;
				ENABLE_USER_SCRIPT_SANDBOXING = YES;
				GCC_C_LANGUAGE_STANDARD = gnu17;
				GCC_NO_COMMON_BLOCKS = YES;
				GCC_WARN_64_TO_32_BIT_CONVERSION = YES;
				GCC_WARN_ABOUT_RETURN_TYPE = YES_ERROR;
				GCC_WARN_UNDECLARED_SELECTOR = YES;
				GCC_WARN_UNINITIALIZED_AUTOS = YES_AGGRESSIVE;
				GCC_WARN_UNUSED_FUNCTION = YES;
				GCC_WARN_UNUSED_VARIABLE = YES;
				IPHONEOS_DEPLOYMENT_TARGET = 17.5;
				LOCALIZATION_PREFERS_STRING_CATALOGS = YES;
				MTL_ENABLE_DEBUG_INFO = NO;
				MTL_FAST_MATH = YES;
				SDKROOT = iphoneos;
				SWIFT_COMPILATION_MODE = wholemodule;
				VALIDATE_PRODUCT = YES;
			};
			name = Release;
		};
		E1E8C5832C6F209900988271 /* Debug */ = {
			isa = XCBuildConfiguration;
			baseConfigurationReference = F1779D54556FA8087E3B5DF5 /* Pods-HttpServer.debug.xcconfig */;
			buildSettings = {
				ASSETCATALOG_COMPILER_APPICON_NAME = AppIcon;
				ASSETCATALOG_COMPILER_GLOBAL_ACCENT_COLOR_NAME = AccentColor;
				CODE_SIGN_STYLE = Automatic;
				CURRENT_PROJECT_VERSION = 1;
				DEVELOPMENT_TEAM = 9H93433TC5;
				GENERATE_INFOPLIST_FILE = YES;
				INFOPLIST_FILE = HttpServer/Info.plist;
				INFOPLIST_KEY_LSApplicationCategoryType = "";
				INFOPLIST_KEY_UIApplicationSupportsIndirectInputEvents = YES;
				INFOPLIST_KEY_UILaunchStoryboardName = LaunchScreen;
				INFOPLIST_KEY_UIMainStoryboardFile = Main;
				INFOPLIST_KEY_UISupportedInterfaceOrientations_iPad = "UIInterfaceOrientationPortrait UIInterfaceOrientationPortraitUpsideDown UIInterfaceOrientationLandscapeLeft UIInterfaceOrientationLandscapeRight";
				INFOPLIST_KEY_UISupportedInterfaceOrientations_iPhone = "UIInterfaceOrientationPortrait UIInterfaceOrientationLandscapeLeft UIInterfaceOrientationLandscapeRight";
				LD_RUNPATH_SEARCH_PATHS = (
					"$(inherited)",
					"@executable_path/Frameworks",
				);
				MARKETING_VERSION = 1.0;
				PRODUCT_BUNDLE_IDENTIFIER = com.nikhiladiga.HttpServer;
				PRODUCT_NAME = "$(TARGET_NAME)";
				SWIFT_EMIT_LOC_STRINGS = YES;
				SWIFT_VERSION = 5.0;
				TARGETED_DEVICE_FAMILY = "1,2";
			};
			name = Debug;
		};
		E1E8C5842C6F209900988271 /* Release */ = {
			isa = XCBuildConfiguration;
			baseConfigurationReference = 69B29E2D4EC658DD7ABA00A5 /* Pods-HttpServer.release.xcconfig */;
			buildSettings = {
				ASSETCATALOG_COMPILER_APPICON_NAME = AppIcon;
				ASSETCATALOG_COMPILER_GLOBAL_ACCENT_COLOR_NAME = AccentColor;
				CODE_SIGN_STYLE = Automatic;
				CURRENT_PROJECT_VERSION = 1;
				DEVELOPMENT_TEAM = 9H93433TC5;
				GENERATE_INFOPLIST_FILE = YES;
				INFOPLIST_FILE = HttpServer/Info.plist;
				INFOPLIST_KEY_LSApplicationCategoryType = "";
				INFOPLIST_KEY_UIApplicationSupportsIndirectInputEvents = YES;
				INFOPLIST_KEY_UILaunchStoryboardName = LaunchScreen;
				INFOPLIST_KEY_UIMainStoryboardFile = Main;
				INFOPLIST_KEY_UISupportedInterfaceOrientations_iPad = "UIInterfaceOrientationPortrait UIInterfaceOrientationPortraitUpsideDown UIInterfaceOrientationLandscapeLeft UIInterfaceOrientationLandscapeRight";
				INFOPLIST_KEY_UISupportedInterfaceOrientations_iPhone = "UIInterfaceOrientationPortrait UIInterfaceOrientationLandscapeLeft UIInterfaceOrientationLandscapeRight";
				LD_RUNPATH_SEARCH_PATHS = (
					"$(inherited)",
					"@executable_path/Frameworks",
				);
				MARKETING_VERSION = 1.0;
				PRODUCT_BUNDLE_IDENTIFIER = com.nikhiladiga.HttpServer;
				PRODUCT_NAME = "$(TARGET_NAME)";
				SWIFT_EMIT_LOC_STRINGS = YES;
				SWIFT_VERSION = 5.0;
				TARGETED_DEVICE_FAMILY = "1,2";
			};
			name = Release;
		};
/* End XCBuildConfiguration section */

/* Begin XCConfigurationList section */
		E1E8C5692C6F209700988271 /* Build configuration list for PBXProject "HttpServer" */ = {
			isa = XCConfigurationList;
			buildConfigurations = (
				E1E8C5802C6F209900988271 /* Debug */,
				E1E8C5812C6F209900988271 /* Release */,
			);
			defaultConfigurationIsVisible = 0;
			defaultConfigurationName = Release;
		};
		E1E8C5822C6F209900988271 /* Build configuration list for PBXNativeTarget "HttpServer" */ = {
			isa = XCConfigurationList;
			buildConfigurations = (
				E1E8C5832C6F209900988271 /* Debug */,
				E1E8C5842C6F209900988271 /* Release */,
			);
			defaultConfigurationIsVisible = 0;
			defaultConfigurationName = Release;
		};
/* End XCConfigurationList section */
	};
	rootObject = E1E8C5662C6F209700988271 /* Project object */;
}
